
Microsoft Visual Studio Solution File, Format Version 12.00
# Visual Studio Version 17
VisualStudioVersion = 17.0.31903.59
MinimumVisualStudioVersion = 10.0.40219.1
Project("{2150E333-8FDC-42A3-9474-1A3956D46DE8}") = "src", "src", "{C58D5CC1-D0D3-45E4-B01D-5127D53BD9A2}"
EndProject
Project("{2150E333-8FDC-42A3-9474-1A3956D46DE8}") = "Core", "Core", "{8A1F437E-2358-46F4-B80E-76A55DB85B19}"
EndProject
Project("{FAE04EC0-301F-11D3-BF4B-00C04F79EFBC}") = "Sqordia.Domain", "src\Core\Sqordia.Domain\Sqordia.Domain.csproj", "{227B66D5-C961-4A57-A4C5-88994EA4249C}"
EndProject
Project("{FAE04EC0-301F-11D3-BF4B-00C04F79EFBC}") = "Sqordia.Application", "src\Core\Sqordia.Application\Sqordia.Application.csproj", "{6E72047F-84AA-43C8-B55E-70D7E0BE3BD3}"
EndProject
Project("{2150E333-8FDC-42A3-9474-1A3956D46DE8}") = "Infrastructure", "Infrastructure", "{EDB9E941-C0BB-4B41-88BA-B3B8706A2DB2}"
EndProject
Project("{FAE04EC0-301F-11D3-BF4B-00C04F79EFBC}") = "Sqordia.Persistence", "src\Infrastructure\Sqordia.Persistence\Sqordia.Persistence.csproj", "{F1910226-E8DF-4B3B-9DB8-A50738C62A4B}"
EndProject
Project("{FAE04EC0-301F-11D3-BF4B-00C04F79EFBC}") = "Sqordia.Infrastructure", "src\Infrastructure\Sqordia.Infrastructure\Sqordia.Infrastructure.csproj", "{400037E9-FB95-4224-B4BC-73379DAE568D}"
EndProject
Project("{FAE04EC0-301F-11D3-BF4B-00C04F79EFBC}") = "WebAPI", "src\WebAPI\WebAPI.csproj", "{E554F243-CCFF-4C6E-96A7-7D4E20A160D5}"
EndProject
Project("{2150E333-8FDC-42A3-9474-1A3956D46DE8}") = "Common", "Common", "{E5F96626-3D11-4B45-81DD-8AD4FA155276}"
EndProject
Project("{FAE04EC0-301F-11D3-BF4B-00C04F79EFBC}") = "Sqordia.Contracts", "src\Common\Sqordia.Contracts\Sqordia.Contracts.csproj", "{AFA070E4-3E0D-45F1-89ED-216966B16050}"
EndProject
Project("{2150E333-8FDC-42A3-9474-1A3956D46DE8}") = "tests", "tests", "{1840497F-EFEC-487D-B829-DD4CDE3D3AC0}"
EndProject
Project("{FAE04EC0-301F-11D3-BF4B-00C04F79EFBC}") = "Sqordia.Domain.UnitTests", "tests\Sqordia.Domain.UnitTests\Sqordia.Domain.UnitTests.csproj", "{6754B2F6-501C-48A6-9114-0EBCF938E147}"
EndProject
Project("{FAE04EC0-301F-11D3-BF4B-00C04F79EFBC}") = "Sqordia.Application.UnitTests", "tests\Sqordia.Application.UnitTests\Sqordia.Application.UnitTests.csproj", "{D5F79282-5086-46D8-9FCA-5D5CD9E1E56D}"
EndProject
Project("{FAE04EC0-301F-11D3-BF4B-00C04F79EFBC}") = "Sqordia.Infrastructure.IntegrationTests", "tests\Sqordia.Infrastructure.IntegrationTests\Sqordia.Infrastructure.IntegrationTests.csproj", "{7029424C-A03B-470F-AB4F-D9DD6A1C3826}"
EndProject
Project("{FAE04EC0-301F-11D3-BF4B-00C04F79EFBC}") = "Sqordia.WebAPI.IntegrationTests", "tests\Sqordia.WebAPI.IntegrationTests\Sqordia.WebAPI.IntegrationTests.csproj", "{287B789D-B751-4429-A85A-BB0E38A731B0}"
EndProject
Global
	GlobalSection(SolutionConfigurationPlatforms) = preSolution
		Debug|Any CPU = Debug|Any CPU
		Release|Any CPU = Release|Any CPU
	EndGlobalSection
	GlobalSection(SolutionProperties) = preSolution
		HideSolutionNode = FALSE
	EndGlobalSection
	GlobalSection(ProjectConfigurationPlatforms) = postSolution
		{227B66D5-C961-4A57-A4C5-88994EA4249C}.Debug|Any CPU.ActiveCfg = Debug|Any CPU
		{227B66D5-C961-4A57-A4C5-88994EA4249C}.Debug|Any CPU.Build.0 = Debug|Any CPU
		{227B66D5-C961-4A57-A4C5-88994EA4249C}.Release|Any CPU.ActiveCfg = Release|Any CPU
		{227B66D5-C961-4A57-A4C5-88994EA4249C}.Release|Any CPU.Build.0 = Release|Any CPU
		{6E72047F-84AA-43C8-B55E-70D7E0BE3BD3}.Debug|Any CPU.ActiveCfg = Debug|Any CPU
		{6E72047F-84AA-43C8-B55E-70D7E0BE3BD3}.Debug|Any CPU.Build.0 = Debug|Any CPU
		{6E72047F-84AA-43C8-B55E-70D7E0BE3BD3}.Release|Any CPU.ActiveCfg = Release|Any CPU
		{6E72047F-84AA-43C8-B55E-70D7E0BE3BD3}.Release|Any CPU.Build.0 = Release|Any CPU
		{F1910226-E8DF-4B3B-9DB8-A50738C62A4B}.Debug|Any CPU.ActiveCfg = Debug|Any CPU
		{F1910226-E8DF-4B3B-9DB8-A50738C62A4B}.Debug|Any CPU.Build.0 = Debug|Any CPU
		{F1910226-E8DF-4B3B-9DB8-A50738C62A4B}.Release|Any CPU.ActiveCfg = Release|Any CPU
		{F1910226-E8DF-4B3B-9DB8-A50738C62A4B}.Release|Any CPU.Build.0 = Release|Any CPU
		{400037E9-FB95-4224-B4BC-73379DAE568D}.Debug|Any CPU.ActiveCfg = Debug|Any CPU
		{400037E9-FB95-4224-B4BC-73379DAE568D}.Debug|Any CPU.Build.0 = Debug|Any CPU
		{400037E9-FB95-4224-B4BC-73379DAE568D}.Release|Any CPU.ActiveCfg = Release|Any CPU
		{400037E9-FB95-4224-B4BC-73379DAE568D}.Release|Any CPU.Build.0 = Release|Any CPU
		{E554F243-CCFF-4C6E-96A7-7D4E20A160D5}.Debug|Any CPU.ActiveCfg = Debug|Any CPU
		{E554F243-CCFF-4C6E-96A7-7D4E20A160D5}.Debug|Any CPU.Build.0 = Debug|Any CPU
		{E554F243-CCFF-4C6E-96A7-7D4E20A160D5}.Release|Any CPU.ActiveCfg = Release|Any CPU
		{E554F243-CCFF-4C6E-96A7-7D4E20A160D5}.Release|Any CPU.Build.0 = Release|Any CPU
		{AFA070E4-3E0D-45F1-89ED-216966B16050}.Debug|Any CPU.ActiveCfg = Debug|Any CPU
		{AFA070E4-3E0D-45F1-89ED-216966B16050}.Debug|Any CPU.Build.0 = Debug|Any CPU
		{AFA070E4-3E0D-45F1-89ED-216966B16050}.Release|Any CPU.ActiveCfg = Release|Any CPU
		{AFA070E4-3E0D-45F1-89ED-216966B16050}.Release|Any CPU.Build.0 = Release|Any CPU
		{6754B2F6-501C-48A6-9114-0EBCF938E147}.Debug|Any CPU.ActiveCfg = Debug|Any CPU
		{6754B2F6-501C-48A6-9114-0EBCF938E147}.Debug|Any CPU.Build.0 = Debug|Any CPU
		{6754B2F6-501C-48A6-9114-0EBCF938E147}.Release|Any CPU.ActiveCfg = Release|Any CPU
		{6754B2F6-501C-48A6-9114-0EBCF938E147}.Release|Any CPU.Build.0 = Release|Any CPU
		{D5F79282-5086-46D8-9FCA-5D5CD9E1E56D}.Debug|Any CPU.ActiveCfg = Debug|Any CPU
		{D5F79282-5086-46D8-9FCA-5D5CD9E1E56D}.Debug|Any CPU.Build.0 = Debug|Any CPU
		{D5F79282-5086-46D8-9FCA-5D5CD9E1E56D}.Release|Any CPU.ActiveCfg = Release|Any CPU
		{D5F79282-5086-46D8-9FCA-5D5CD9E1E56D}.Release|Any CPU.Build.0 = Release|Any CPU
		{7029424C-A03B-470F-AB4F-D9DD6A1C3826}.Debug|Any CPU.ActiveCfg = Debug|Any CPU
		{7029424C-A03B-470F-AB4F-D9DD6A1C3826}.Debug|Any CPU.Build.0 = Debug|Any CPU
		{7029424C-A03B-470F-AB4F-D9DD6A1C3826}.Release|Any CPU.ActiveCfg = Release|Any CPU
		{7029424C-A03B-470F-AB4F-D9DD6A1C3826}.Release|Any CPU.Build.0 = Release|Any CPU
		{287B789D-B751-4429-A85A-BB0E38A731B0}.Debug|Any CPU.ActiveCfg = Debug|Any CPU
		{287B789D-B751-4429-A85A-BB0E38A731B0}.Debug|Any CPU.Build.0 = Debug|Any CPU
		{287B789D-B751-4429-A85A-BB0E38A731B0}.Release|Any CPU.ActiveCfg = Release|Any CPU
		{287B789D-B751-4429-A85A-BB0E38A731B0}.Release|Any CPU.Build.0 = Release|Any CPU
	EndGlobalSection
	GlobalSection(NestedProjects) = preSolution
		{8A1F437E-2358-46F4-B80E-76A55DB85B19} = {C58D5CC1-D0D3-45E4-B01D-5127D53BD9A2}
		{227B66D5-C961-4A57-A4C5-88994EA4249C} = {8A1F437E-2358-46F4-B80E-76A55DB85B19}
		{6E72047F-84AA-43C8-B55E-70D7E0BE3BD3} = {8A1F437E-2358-46F4-B80E-76A55DB85B19}
		{EDB9E941-C0BB-4B41-88BA-B3B8706A2DB2} = {C58D5CC1-D0D3-45E4-B01D-5127D53BD9A2}
		{F1910226-E8DF-4B3B-9DB8-A50738C62A4B} = {EDB9E941-C0BB-4B41-88BA-B3B8706A2DB2}
		{400037E9-FB95-4224-B4BC-73379DAE568D} = {EDB9E941-C0BB-4B41-88BA-B3B8706A2DB2}
		{E554F243-CCFF-4C6E-96A7-7D4E20A160D5} = {C58D5CC1-D0D3-45E4-B01D-5127D53BD9A2}
		{E5F96626-3D11-4B45-81DD-8AD4FA155276} = {C58D5CC1-D0D3-45E4-B01D-5127D53BD9A2}
		{AFA070E4-3E0D-45F1-89ED-216966B16050} = {E5F96626-3D11-4B45-81DD-8AD4FA155276}
		{6754B2F6-501C-48A6-9114-0EBCF938E147} = {1840497F-EFEC-487D-B829-DD4CDE3D3AC0}
		{D5F79282-5086-46D8-9FCA-5D5CD9E1E56D} = {1840497F-EFEC-487D-B829-DD4CDE3D3AC0}
		{7029424C-A03B-470F-AB4F-D9DD6A1C3826} = {1840497F-EFEC-487D-B829-DD4CDE3D3AC0}
		{287B789D-B751-4429-A85A-BB0E38A731B0} = {1840497F-EFEC-487D-B829-DD4CDE3D3AC0}
	EndGlobalSection
EndGlobal
